
Microsoft Visual Studio Solution File, Format Version 12.00
# Visual Studio Version 16
VisualStudioVersion = 16.0.30204.135
MinimumVisualStudioVersion = 10.0.40219.1
Project("{2150E333-8FDC-42A3-9474-1A3956D46DE8}") = "Cross", "Cross", "{A026BE4F-33FB-4CB9-B268-5011490EC6D4}"
EndProject
Project("{2150E333-8FDC-42A3-9474-1A3956D46DE8}") = "Projects", "Projects", "{20754C67-5989-4763-81CF-7F3AE098E009}"
EndProject
Project("{2150E333-8FDC-42A3-9474-1A3956D46DE8}") = "Gateway", "Gateway", "{60ACEFB1-7738-4E8B-9A19-694B19527DCE}"
EndProject
Project("{2150E333-8FDC-42A3-9474-1A3956D46DE8}") = "Microservices", "Microservices", "{D354585B-41AB-4074-8675-C252D0F89F23}"
EndProject
Project("{2150E333-8FDC-42A3-9474-1A3956D46DE8}") = "01.- Security", "01.- Security", "{8B0715A1-CA5C-4083-A8D4-6D10C983C430}"
EndProject
Project("{2150E333-8FDC-42A3-9474-1A3956D46DE8}") = "02.- Invoice", "02.- Invoice", "{04EA7AC3-A379-4698-B8ED-EEEC53CF7094}"
EndProject
Project("{2150E333-8FDC-42A3-9474-1A3956D46DE8}") = "03.- Pay", "03.- Pay", "{5CEF48FE-E12A-4EAE-B34B-9CA4F67846CE}"
EndProject
Project("{2150E333-8FDC-42A3-9474-1A3956D46DE8}") = "04.- Transaction", "04.- Transaction", "{B94C6A6C-BCD5-4A8E-B88B-9D03CC73D48D}"
EndProject
Project("{FAE04EC0-301F-11D3-BF4B-00C04F79EFBC}") = "AFORO255.MS.TEST.Security", "AFORO255.MS.TEST.Security\AFORO255.MS.TEST.Security.csproj", "{E05306A0-10FA-4F43-BCD7-4320BAB4A0A2}"
EndProject
Project("{FAE04EC0-301F-11D3-BF4B-00C04F79EFBC}") = "AFORO255.MS.TEST.Invoice", "AFORO255.MS.TEST.Invoice\AFORO255.MS.TEST.Invoice.csproj", "{AB130435-C591-4567-A0CD-A9165195848C}"
EndProject
Project("{FAE04EC0-301F-11D3-BF4B-00C04F79EFBC}") = "AFORO255.MS.TEST.Pay", "AFORO255.MS.TEST.Pay\AFORO255.MS.TEST.Pay.csproj", "{A92E7923-D1F5-4A84-821F-9BB80DEA051A}"
EndProject
Project("{FAE04EC0-301F-11D3-BF4B-00C04F79EFBC}") = "AFORO255.MS.TEST.Gateway", "AFORO255.MS.TEST.Gateway\AFORO255.MS.TEST.Gateway.csproj", "{4D7F1D9A-1664-4715-9072-E3E74B5E73E4}"
EndProject
Project("{FAE04EC0-301F-11D3-BF4B-00C04F79EFBC}") = "AFORO255.MS.TEST.Transaction", "AFORO255.MS.TEST.Transaction\AFORO255.MS.TEST.Transaction.csproj", "{AB93C22B-7415-4BF9-A502-C967F5D588E2}"
EndProject
Global
	GlobalSection(SolutionConfigurationPlatforms) = preSolution
		Debug|Any CPU = Debug|Any CPU
		Release|Any CPU = Release|Any CPU
	EndGlobalSection
	GlobalSection(ProjectConfigurationPlatforms) = postSolution
		{E05306A0-10FA-4F43-BCD7-4320BAB4A0A2}.Debug|Any CPU.ActiveCfg = Debug|Any CPU
		{E05306A0-10FA-4F43-BCD7-4320BAB4A0A2}.Debug|Any CPU.Build.0 = Debug|Any CPU
		{E05306A0-10FA-4F43-BCD7-4320BAB4A0A2}.Release|Any CPU.ActiveCfg = Release|Any CPU
		{E05306A0-10FA-4F43-BCD7-4320BAB4A0A2}.Release|Any CPU.Build.0 = Release|Any CPU
		{AB130435-C591-4567-A0CD-A9165195848C}.Debug|Any CPU.ActiveCfg = Debug|Any CPU
		{AB130435-C591-4567-A0CD-A9165195848C}.Debug|Any CPU.Build.0 = Debug|Any CPU
		{AB130435-C591-4567-A0CD-A9165195848C}.Release|Any CPU.ActiveCfg = Release|Any CPU
		{AB130435-C591-4567-A0CD-A9165195848C}.Release|Any CPU.Build.0 = Release|Any CPU
		{A92E7923-D1F5-4A84-821F-9BB80DEA051A}.Debug|Any CPU.ActiveCfg = Debug|Any CPU
		{A92E7923-D1F5-4A84-821F-9BB80DEA051A}.Debug|Any CPU.Build.0 = Debug|Any CPU
		{A92E7923-D1F5-4A84-821F-9BB80DEA051A}.Release|Any CPU.ActiveCfg = Release|Any CPU
		{A92E7923-D1F5-4A84-821F-9BB80DEA051A}.Release|Any CPU.Build.0 = Release|Any CPU
		{4D7F1D9A-1664-4715-9072-E3E74B5E73E4}.Debug|Any CPU.ActiveCfg = Debug|Any CPU
		{4D7F1D9A-1664-4715-9072-E3E74B5E73E4}.Debug|Any CPU.Build.0 = Debug|Any CPU
		{4D7F1D9A-1664-4715-9072-E3E74B5E73E4}.Release|Any CPU.ActiveCfg = Release|Any CPU
		{4D7F1D9A-1664-4715-9072-E3E74B5E73E4}.Release|Any CPU.Build.0 = Release|Any CPU
		{AB93C22B-7415-4BF9-A502-C967F5D588E2}.Debug|Any CPU.ActiveCfg = Debug|Any CPU
		{AB93C22B-7415-4BF9-A502-C967F5D588E2}.Debug|Any CPU.Build.0 = Debug|Any CPU
		{AB93C22B-7415-4BF9-A502-C967F5D588E2}.Release|Any CPU.ActiveCfg = Release|Any CPU
		{AB93C22B-7415-4BF9-A502-C967F5D588E2}.Release|Any CPU.Build.0 = Release|Any CPU
	EndGlobalSection
	GlobalSection(SolutionProperties) = preSolution
		HideSolutionNode = FALSE
	EndGlobalSection
	GlobalSection(NestedProjects) = preSolution
		{60ACEFB1-7738-4E8B-9A19-694B19527DCE} = {20754C67-5989-4763-81CF-7F3AE098E009}
		{D354585B-41AB-4074-8675-C252D0F89F23} = {20754C67-5989-4763-81CF-7F3AE098E009}
		{8B0715A1-CA5C-4083-A8D4-6D10C983C430} = {D354585B-41AB-4074-8675-C252D0F89F23}
		{04EA7AC3-A379-4698-B8ED-EEEC53CF7094} = {D354585B-41AB-4074-8675-C252D0F89F23}
		{5CEF48FE-E12A-4EAE-B34B-9CA4F67846CE} = {D354585B-41AB-4074-8675-C252D0F89F23}
		{B94C6A6C-BCD5-4A8E-B88B-9D03CC73D48D} = {D354585B-41AB-4074-8675-C252D0F89F23}
		{E05306A0-10FA-4F43-BCD7-4320BAB4A0A2} = {8B0715A1-CA5C-4083-A8D4-6D10C983C430}
		{AB130435-C591-4567-A0CD-A9165195848C} = {04EA7AC3-A379-4698-B8ED-EEEC53CF7094}
		{A92E7923-D1F5-4A84-821F-9BB80DEA051A} = {5CEF48FE-E12A-4EAE-B34B-9CA4F67846CE}
		{4D7F1D9A-1664-4715-9072-E3E74B5E73E4} = {60ACEFB1-7738-4E8B-9A19-694B19527DCE}
		{AB93C22B-7415-4BF9-A502-C967F5D588E2} = {B94C6A6C-BCD5-4A8E-B88B-9D03CC73D48D}
	EndGlobalSection
	GlobalSection(ExtensibilityGlobals) = postSolution
		SolutionGuid = {6811C7D9-7666-4A39-9355-2D2E936DE39F}
	EndGlobalSection
EndGlobal
